
Microsoft Visual Studio Solution File, Format Version 12.00
# Visual Studio Version 17
VisualStudioVersion = 17.5.33627.172
MinimumVisualStudioVersion = 10.0.40219.1
Project("{FAE04EC0-301F-11D3-BF4B-00C04F79EFBC}") = "apppizzeriaed.UWP", "apppizzeriaed.UWP\apppizzeriaed.UWP.csproj", "{08C66ABE-B653-4209-8B9D-7B07897C1EC7}"
EndProject
Project("{FAE04EC0-301F-11D3-BF4B-00C04F79EFBC}") = "apppizzeriaed.Android", "apppizzeriaed.Android\apppizzeriaed.Android.csproj", "{9BCD5FB8-E023-44B5-BC2A-75558E98CACD}"
EndProject
Project("{FAE04EC0-301F-11D3-BF4B-00C04F79EFBC}") = "apppizzeriaed.iOS", "apppizzeriaed.iOS\apppizzeriaed.iOS.csproj", "{FB7C5945-1FFB-40CF-A75F-7E5DC4D4B1DD}"
EndProject
Project("{FAE04EC0-301F-11D3-BF4B-00C04F79EFBC}") = "apppizzeriaed", "apppizzeriaed\apppizzeriaed.csproj", "{5BCB4C3A-A9AD-4462-BEA2-FCCF4AAE7370}"
EndProject
Global
	GlobalSection(SolutionConfigurationPlatforms) = preSolution
		Debug|Any CPU = Debug|Any CPU
		Debug|ARM = Debug|ARM
		Debug|iPhone = Debug|iPhone
		Debug|iPhoneSimulator = Debug|iPhoneSimulator
		Debug|x64 = Debug|x64
		Debug|x86 = Debug|x86
		Release|Any CPU = Release|Any CPU
		Release|ARM = Release|ARM
		Release|iPhone = Release|iPhone
		Release|iPhoneSimulator = Release|iPhoneSimulator
		Release|x64 = Release|x64
		Release|x86 = Release|x86
	EndGlobalSection
	GlobalSection(ProjectConfigurationPlatforms) = postSolution
		{08C66ABE-B653-4209-8B9D-7B07897C1EC7}.Debug|Any CPU.ActiveCfg = Debug|x64
		{08C66ABE-B653-4209-8B9D-7B07897C1EC7}.Debug|Any CPU.Build.0 = Debug|x64
		{08C66ABE-B653-4209-8B9D-7B07897C1EC7}.Debug|Any CPU.Deploy.0 = Debug|x64
		{08C66ABE-B653-4209-8B9D-7B07897C1EC7}.Debug|ARM.ActiveCfg = Debug|ARM
		{08C66ABE-B653-4209-8B9D-7B07897C1EC7}.Debug|ARM.Build.0 = Debug|ARM
		{08C66ABE-B653-4209-8B9D-7B07897C1EC7}.Debug|ARM.Deploy.0 = Debug|ARM
		{08C66ABE-B653-4209-8B9D-7B07897C1EC7}.Debug|iPhone.ActiveCfg = Debug|x64
		{08C66ABE-B653-4209-8B9D-7B07897C1EC7}.Debug|iPhone.Build.0 = Debug|x64
		{08C66ABE-B653-4209-8B9D-7B07897C1EC7}.Debug|iPhone.Deploy.0 = Debug|x64
		{08C66ABE-B653-4209-8B9D-7B07897C1EC7}.Debug|iPhoneSimulator.ActiveCfg = Debug|x64
		{08C66ABE-B653-4209-8B9D-7B07897C1EC7}.Debug|iPhoneSimulator.Build.0 = Debug|x64
		{08C66ABE-B653-4209-8B9D-7B07897C1EC7}.Debug|iPhoneSimulator.Deploy.0 = Debug|x64
		{08C66ABE-B653-4209-8B9D-7B07897C1EC7}.Debug|x64.ActiveCfg = Debug|x64
		{08C66ABE-B653-4209-8B9D-7B07897C1EC7}.Debug|x64.Build.0 = Debug|x64
		{08C66ABE-B653-4209-8B9D-7B07897C1EC7}.Debug|x64.Deploy.0 = Debug|x64
		{08C66ABE-B653-4209-8B9D-7B07897C1EC7}.Debug|x86.ActiveCfg = Debug|x86
		{08C66ABE-B653-4209-8B9D-7B07897C1EC7}.Debug|x86.Build.0 = Debug|x86
		{08C66ABE-B653-4209-8B9D-7B07897C1EC7}.Debug|x86.Deploy.0 = Debug|x86
		{08C66ABE-B653-4209-8B9D-7B07897C1EC7}.Release|Any CPU.ActiveCfg = Release|x64
		{08C66ABE-B653-4209-8B9D-7B07897C1EC7}.Release|Any CPU.Build.0 = Release|x64
		{08C66ABE-B653-4209-8B9D-7B07897C1EC7}.Release|Any CPU.Deploy.0 = Release|x64
		{08C66ABE-B653-4209-8B9D-7B07897C1EC7}.Release|ARM.ActiveCfg = Release|ARM
		{08C66ABE-B653-4209-8B9D-7B07897C1EC7}.Release|ARM.Build.0 = Release|ARM
		{08C66ABE-B653-4209-8B9D-7B07897C1EC7}.Release|ARM.Deploy.0 = Release|ARM
		{08C66ABE-B653-4209-8B9D-7B07897C1EC7}.Release|iPhone.ActiveCfg = Release|x64
		{08C66ABE-B653-4209-8B9D-7B07897C1EC7}.Release|iPhone.Build.0 = Release|x64
		{08C66ABE-B653-4209-8B9D-7B07897C1EC7}.Release|iPhone.Deploy.0 = Release|x64
		{08C66ABE-B653-4209-8B9D-7B07897C1EC7}.Release|iPhoneSimulator.ActiveCfg = Release|x64
		{08C66ABE-B653-4209-8B9D-7B07897C1EC7}.Release|iPhoneSimulator.Build.0 = Release|x64
		{08C66ABE-B653-4209-8B9D-7B07897C1EC7}.Release|iPhoneSimulator.Deploy.0 = Release|x64
		{08C66ABE-B653-4209-8B9D-7B07897C1EC7}.Release|x64.ActiveCfg = Release|x64
		{08C66ABE-B653-4209-8B9D-7B07897C1EC7}.Release|x64.Build.0 = Release|x64
		{08C66ABE-B653-4209-8B9D-7B07897C1EC7}.Release|x64.Deploy.0 = Release|x64
		{08C66ABE-B653-4209-8B9D-7B07897C1EC7}.Release|x86.ActiveCfg = Release|x86
		{08C66ABE-B653-4209-8B9D-7B07897C1EC7}.Release|x86.Build.0 = Release|x86
		{08C66ABE-B653-4209-8B9D-7B07897C1EC7}.Release|x86.Deploy.0 = Release|x86
		{9BCD5FB8-E023-44B5-BC2A-75558E98CACD}.Debug|Any CPU.ActiveCfg = Debug|Any CPU
		{9BCD5FB8-E023-44B5-BC2A-75558E98CACD}.Debug|Any CPU.Build.0 = Debug|Any CPU
		{9BCD5FB8-E023-44B5-BC2A-75558E98CACD}.Debug|Any CPU.Deploy.0 = Debug|Any CPU
		{9BCD5FB8-E023-44B5-BC2A-75558E98CACD}.Debug|ARM.ActiveCfg = Debug|Any CPU
		{9BCD5FB8-E023-44B5-BC2A-75558E98CACD}.Debug|ARM.Build.0 = Debug|Any CPU
		{9BCD5FB8-E023-44B5-BC2A-75558E98CACD}.Debug|ARM.Deploy.0 = Debug|Any CPU
		{9BCD5FB8-E023-44B5-BC2A-75558E98CACD}.Debug|iPhone.ActiveCfg = Debug|Any CPU
		{9BCD5FB8-E023-44B5-BC2A-75558E98CACD}.Debug|iPhone.Build.0 = Debug|Any CPU
		{9BCD5FB8-E023-44B5-BC2A-75558E98CACD}.Debug|iPhone.Deploy.0 = Debug|Any CPU
		{9BCD5FB8-E023-44B5-BC2A-75558E98CACD}.Debug|iPhoneSimulator.ActiveCfg = Debug|Any CPU
		{9BCD5FB8-E023-44B5-BC2A-75558E98CACD}.Debug|iPhoneSimulator.Build.0 = Debug|Any CPU
		{9BCD5FB8-E023-44B5-BC2A-75558E98CACD}.Debug|iPhoneSimulator.Deploy.0 = Debug|Any CPU
		{9BCD5FB8-E023-44B5-BC2A-75558E98CACD}.Debug|x64.ActiveCfg = Debug|Any CPU
		{9BCD5FB8-E023-44B5-BC2A-75558E98CACD}.Debug|x64.Build.0 = Debug|Any CPU
		{9BCD5FB8-E023-44B5-BC2A-75558E98CACD}.Debug|x64.Deploy.0 = Debug|Any CPU
		{9BCD5FB8-E023-44B5-BC2A-75558E98CACD}.Debug|x86.ActiveCfg = Debug|Any CPU
		{9BCD5FB8-E023-44B5-BC2A-75558E98CACD}.Debug|x86.Build.0 = Debug|Any CPU
		{9BCD5FB8-E023-44B5-BC2A-75558E98CACD}.Debug|x86.Deploy.0 = Debug|Any CPU
		{9BCD5FB8-E023-44B5-BC2A-75558E98CACD}.Release|Any CPU.ActiveCfg = Release|Any CPU
		{9BCD5FB8-E023-44B5-BC2A-75558E98CACD}.Release|Any CPU.Build.0 = Release|Any CPU
		{9BCD5FB8-E023-44B5-BC2A-75558E98CACD}.Release|Any CPU.Deploy.0 = Release|Any CPU
		{9BCD5FB8-E023-44B5-BC2A-75558E98CACD}.Release|ARM.ActiveCfg = Release|Any CPU
		{9BCD5FB8-E023-44B5-BC2A-75558E98CACD}.Release|ARM.Build.0 = Release|Any CPU
		{9BCD5FB8-E023-44B5-BC2A-75558E98CACD}.Release|ARM.Deploy.0 = Release|Any CPU
		{9BCD5FB8-E023-44B5-BC2A-75558E98CACD}.Release|iPhone.ActiveCfg = Release|Any CPU
		{9BCD5FB8-E023-44B5-BC2A-75558E98CACD}.Release|iPhone.Build.0 = Release|Any CPU
		{9BCD5FB8-E023-44B5-BC2A-75558E98CACD}.Release|iPhone.Deploy.0 = Release|Any CPU
		{9BCD5FB8-E023-44B5-BC2A-75558E98CACD}.Release|iPhoneSimulator.ActiveCfg = Release|Any CPU
		{9BCD5FB8-E023-44B5-BC2A-75558E98CACD}.Release|iPhoneSimulator.Build.0 = Release|Any CPU
		{9BCD5FB8-E023-44B5-BC2A-75558E98CACD}.Release|iPhoneSimulator.Deploy.0 = Release|Any CPU
		{9BCD5FB8-E023-44B5-BC2A-75558E98CACD}.Release|x64.ActiveCfg = Release|Any CPU
		{9BCD5FB8-E023-44B5-BC2A-75558E98CACD}.Release|x64.Build.0 = Release|Any CPU
		{9BCD5FB8-E023-44B5-BC2A-75558E98CACD}.Release|x64.Deploy.0 = Release|Any CPU
		{9BCD5FB8-E023-44B5-BC2A-75558E98CACD}.Release|x86.ActiveCfg = Release|Any CPU
		{9BCD5FB8-E023-44B5-BC2A-75558E98CACD}.Release|x86.Build.0 = Release|Any CPU
		{9BCD5FB8-E023-44B5-BC2A-75558E98CACD}.Release|x86.Deploy.0 = Release|Any CPU
		{FB7C5945-1FFB-40CF-A75F-7E5DC4D4B1DD}.Debug|Any CPU.ActiveCfg = Debug|iPhoneSimulator
		{FB7C5945-1FFB-40CF-A75F-7E5DC4D4B1DD}.Debug|Any CPU.Build.0 = Debug|iPhoneSimulator
		{FB7C5945-1FFB-40CF-A75F-7E5DC4D4B1DD}.Debug|Any CPU.Deploy.0 = Debug|iPhoneSimulator
		{FB7C5945-1FFB-40CF-A75F-7E5DC4D4B1DD}.Debug|ARM.ActiveCfg = Debug|iPhoneSimulator
		{FB7C5945-1FFB-40CF-A75F-7E5DC4D4B1DD}.Debug|ARM.Build.0 = Debug|iPhoneSimulator
		{FB7C5945-1FFB-40CF-A75F-7E5DC4D4B1DD}.Debug|ARM.Deploy.0 = Debug|iPhoneSimulator
		{FB7C5945-1FFB-40CF-A75F-7E5DC4D4B1DD}.Debug|iPhone.ActiveCfg = Debug|iPhone
		{FB7C5945-1FFB-40CF-A75F-7E5DC4D4B1DD}.Debug|iPhone.Build.0 = Debug|iPhone
		{FB7C5945-1FFB-40CF-A75F-7E5DC4D4B1DD}.Debug|iPhone.Deploy.0 = Debug|iPhone
		{FB7C5945-1FFB-40CF-A75F-7E5DC4D4B1DD}.Debug|iPhoneSimulator.ActiveCfg = Debug|iPhoneSimulator
		{FB7C5945-1FFB-40CF-A75F-7E5DC4D4B1DD}.Debug|iPhoneSimulator.Build.0 = Debug|iPhoneSimulator
		{FB7C5945-1FFB-40CF-A75F-7E5DC4D4B1DD}.Debug|iPhoneSimulator.Deploy.0 = Debug|iPhoneSimulator
		{FB7C5945-1FFB-40CF-A75F-7E5DC4D4B1DD}.Debug|x64.ActiveCfg = Debug|iPhone
		{FB7C5945-1FFB-40CF-A75F-7E5DC4D4B1DD}.Debug|x64.Build.0 = Debug|iPhone
		{FB7C5945-1FFB-40CF-A75F-7E5DC4D4B1DD}.Debug|x64.Deploy.0 = Debug|iPhone
		{FB7C5945-1FFB-40CF-A75F-7E5DC4D4B1DD}.Debug|x86.ActiveCfg = Debug|iPhoneSimulator
		{FB7C5945-1FFB-40CF-A75F-7E5DC4D4B1DD}.Debug|x86.Build.0 = Debug|iPhoneSimulator
		{FB7C5945-1FFB-40CF-A75F-7E5DC4D4B1DD}.Debug|x86.Deploy.0 = Debug|iPhoneSimulator
		{FB7C5945-1FFB-40CF-A75F-7E5DC4D4B1DD}.Release|Any CPU.ActiveCfg = Release|iPhoneSimulator
		{FB7C5945-1FFB-40CF-A75F-7E5DC4D4B1DD}.Release|Any CPU.Build.0 = Release|iPhoneSimulator
		{FB7C5945-1FFB-40CF-A75F-7E5DC4D4B1DD}.Release|Any CPU.Deploy.0 = Release|iPhoneSimulator
		{FB7C5945-1FFB-40CF-A75F-7E5DC4D4B1DD}.Release|ARM.ActiveCfg = Release|iPhoneSimulator
		{FB7C5945-1FFB-40CF-A75F-7E5DC4D4B1DD}.Release|ARM.Build.0 = Release|iPhoneSimulator
		{FB7C5945-1FFB-40CF-A75F-7E5DC4D4B1DD}.Release|ARM.Deploy.0 = Release|iPhoneSimulator
		{FB7C5945-1FFB-40CF-A75F-7E5DC4D4B1DD}.Release|iPhone.ActiveCfg = Release|iPhone
		{FB7C5945-1FFB-40CF-A75F-7E5DC4D4B1DD}.Release|iPhone.Build.0 = Release|iPhone
		{FB7C5945-1FFB-40CF-A75F-7E5DC4D4B1DD}.Release|iPhone.Deploy.0 = Release|iPhone
		{FB7C5945-1FFB-40CF-A75F-7E5DC4D4B1DD}.Release|iPhoneSimulator.ActiveCfg = Release|iPhoneSimulator
		{FB7C5945-1FFB-40CF-A75F-7E5DC4D4B1DD}.Release|iPhoneSimulator.Build.0 = Release|iPhoneSimulator
		{FB7C5945-1FFB-40CF-A75F-7E5DC4D4B1DD}.Release|iPhoneSimulator.Deploy.0 = Release|iPhoneSimulator
		{FB7C5945-1FFB-40CF-A75F-7E5DC4D4B1DD}.Release|x64.ActiveCfg = Release|iPhoneSimulator
		{FB7C5945-1FFB-40CF-A75F-7E5DC4D4B1DD}.Release|x64.Build.0 = Release|iPhoneSimulator
		{FB7C5945-1FFB-40CF-A75F-7E5DC4D4B1DD}.Release|x64.Deploy.0 = Release|iPhoneSimulator
		{FB7C5945-1FFB-40CF-A75F-7E5DC4D4B1DD}.Release|x86.ActiveCfg = Release|iPhoneSimulator
		{FB7C5945-1FFB-40CF-A75F-7E5DC4D4B1DD}.Release|x86.Build.0 = Release|iPhoneSimulator
		{FB7C5945-1FFB-40CF-A75F-7E5DC4D4B1DD}.Release|x86.Deploy.0 = Release|iPhoneSimulator
		{5BCB4C3A-A9AD-4462-BEA2-FCCF4AAE7370}.Debug|Any CPU.ActiveCfg = Debug|Any CPU
		{5BCB4C3A-A9AD-4462-BEA2-FCCF4AAE7370}.Debug|Any CPU.Build.0 = Debug|Any CPU
		{5BCB4C3A-A9AD-4462-BEA2-FCCF4AAE7370}.Debug|Any CPU.Deploy.0 = Debug|Any CPU
		{5BCB4C3A-A9AD-4462-BEA2-FCCF4AAE7370}.Debug|ARM.ActiveCfg = Debug|Any CPU
		{5BCB4C3A-A9AD-4462-BEA2-FCCF4AAE7370}.Debug|ARM.Build.0 = Debug|Any CPU
		{5BCB4C3A-A9AD-4462-BEA2-FCCF4AAE7370}.Debug|ARM.Deploy.0 = Debug|Any CPU
		{5BCB4C3A-A9AD-4462-BEA2-FCCF4AAE7370}.Debug|iPhone.ActiveCfg = Debug|Any CPU
		{5BCB4C3A-A9AD-4462-BEA2-FCCF4AAE7370}.Debug|iPhone.Build.0 = Debug|Any CPU
		{5BCB4C3A-A9AD-4462-BEA2-FCCF4AAE7370}.Debug|iPhone.Deploy.0 = Debug|Any CPU
		{5BCB4C3A-A9AD-4462-BEA2-FCCF4AAE7370}.Debug|iPhoneSimulator.ActiveCfg = Debug|Any CPU
		{5BCB4C3A-A9AD-4462-BEA2-FCCF4AAE7370}.Debug|iPhoneSimulator.Build.0 = Debug|Any CPU
		{5BCB4C3A-A9AD-4462-BEA2-FCCF4AAE7370}.Debug|iPhoneSimulator.Deploy.0 = Debug|Any CPU
		{5BCB4C3A-A9AD-4462-BEA2-FCCF4AAE7370}.Debug|x64.ActiveCfg = Debug|Any CPU
		{5BCB4C3A-A9AD-4462-BEA2-FCCF4AAE7370}.Debug|x64.Build.0 = Debug|Any CPU
		{5BCB4C3A-A9AD-4462-BEA2-FCCF4AAE7370}.Debug|x64.Deploy.0 = Debug|Any CPU
		{5BCB4C3A-A9AD-4462-BEA2-FCCF4AAE7370}.Debug|x86.ActiveCfg = Debug|Any CPU
		{5BCB4C3A-A9AD-4462-BEA2-FCCF4AAE7370}.Debug|x86.Build.0 = Debug|Any CPU
		{5BCB4C3A-A9AD-4462-BEA2-FCCF4AAE7370}.Debug|x86.Deploy.0 = Debug|Any CPU
		{5BCB4C3A-A9AD-4462-BEA2-FCCF4AAE7370}.Release|Any CPU.ActiveCfg = Release|Any CPU
		{5BCB4C3A-A9AD-4462-BEA2-FCCF4AAE7370}.Release|Any CPU.Build.0 = Release|Any CPU
		{5BCB4C3A-A9AD-4462-BEA2-FCCF4AAE7370}.Release|Any CPU.Deploy.0 = Release|Any CPU
		{5BCB4C3A-A9AD-4462-BEA2-FCCF4AAE7370}.Release|ARM.ActiveCfg = Release|Any CPU
		{5BCB4C3A-A9AD-4462-BEA2-FCCF4AAE7370}.Release|ARM.Build.0 = Release|Any CPU
		{5BCB4C3A-A9AD-4462-BEA2-FCCF4AAE7370}.Release|ARM.Deploy.0 = Release|Any CPU
		{5BCB4C3A-A9AD-4462-BEA2-FCCF4AAE7370}.Release|iPhone.ActiveCfg = Release|Any CPU
		{5BCB4C3A-A9AD-4462-BEA2-FCCF4AAE7370}.Release|iPhone.Build.0 = Release|Any CPU
		{5BCB4C3A-A9AD-4462-BEA2-FCCF4AAE7370}.Release|iPhone.Deploy.0 = Release|Any CPU
		{5BCB4C3A-A9AD-4462-BEA2-FCCF4AAE7370}.Release|iPhoneSimulator.ActiveCfg = Release|Any CPU
		{5BCB4C3A-A9AD-4462-BEA2-FCCF4AAE7370}.Release|iPhoneSimulator.Build.0 = Release|Any CPU
		{5BCB4C3A-A9AD-4462-BEA2-FCCF4AAE7370}.Release|iPhoneSimulator.Deploy.0 = Release|Any CPU
		{5BCB4C3A-A9AD-4462-BEA2-FCCF4AAE7370}.Release|x64.ActiveCfg = Release|Any CPU
		{5BCB4C3A-A9AD-4462-BEA2-FCCF4AAE7370}.Release|x64.Build.0 = Release|Any CPU
		{5BCB4C3A-A9AD-4462-BEA2-FCCF4AAE7370}.Release|x64.Deploy.0 = Release|Any CPU
		{5BCB4C3A-A9AD-4462-BEA2-FCCF4AAE7370}.Release|x86.ActiveCfg = Release|Any CPU
		{5BCB4C3A-A9AD-4462-BEA2-FCCF4AAE7370}.Release|x86.Build.0 = Release|Any CPU
		{5BCB4C3A-A9AD-4462-BEA2-FCCF4AAE7370}.Release|x86.Deploy.0 = Release|Any CPU
	EndGlobalSection
	GlobalSection(SolutionProperties) = preSolution
		HideSolutionNode = FALSE
	EndGlobalSection
	GlobalSection(ExtensibilityGlobals) = postSolution
		SolutionGuid = {28E6D42C-93CF-4230-A25A-DFDF1DB90364}
	EndGlobalSection
EndGlobal
